
Microsoft Visual Studio Solution File, Format Version 12.00
Project("{FAE04EC0-301F-11D3-BF4B-00C04F79EFBC}") = "SmsService", "Services\SmsService\SmsService.csproj", "{774DFB57-9B08-4F34-A143-A1A99285F3DF}"
EndProject
Project("{FAE04EC0-301F-11D3-BF4B-00C04F79EFBC}") = "EmailService", "Services\EmailService\EmailService.csproj", "{7609D6BD-6110-40B5-8372-745A13CC35BF}"
EndProject
Project("{2150E333-8FDC-42A3-9474-1A3956D46DE8}") = "Common", "Common", "{75523D03-5030-43DD-B4F4-76CD72274FC3}"
EndProject
Project("{2150E333-8FDC-42A3-9474-1A3956D46DE8}") = "ResponseHelpers", "ResponseHelpers", "{08C5888A-F0E5-40AB-9946-C8140F292E3F}"
EndProject
Project("{FAE04EC0-301F-11D3-BF4B-00C04F79EFBC}") = "ResponseHelpers", "Common\ResponseHelpers\ResponseHelpers.csproj", "{0B5640F4-31D5-4EC1-B8C6-2EBF4587DC9B}"
EndProject
Project("{2150E333-8FDC-42A3-9474-1A3956D46DE8}") = "Contracts", "Contracts", "{95B6255C-B93D-478E-AD3D-A191BCE237FF}"
EndProject
Project("{FAE04EC0-301F-11D3-BF4B-00C04F79EFBC}") = "SmsContract", "Contracts\SmsContract\SmsContract.csproj", "{97D79402-837D-4092-A631-0C4EBFC615E1}"
EndProject
Project("{FAE04EC0-301F-11D3-BF4B-00C04F79EFBC}") = "EmailContract", "Contracts\EmailContract\EmailContract.csproj", "{F405E13B-CD9E-4739-A212-E7532CC8F8F3}"
EndProject
Project("{2150E333-8FDC-42A3-9474-1A3956D46DE8}") = "Services", "Services", "{AA3BA638-D657-4755-841C-618B0E37232A}"
EndProject
Project("{FAE04EC0-301F-11D3-BF4B-00C04F79EFBC}") = "PushService", "Services\PushService\PushService.csproj", "{DE612F92-FD20-48D2-9407-A90198BF9827}"
EndProject
Project("{2150E333-8FDC-42A3-9474-1A3956D46DE8}") = "Src", "Src", "{75E2ED49-09B4-4B89-9767-0AE9236050D7}"
EndProject
Project("{2150E333-8FDC-42A3-9474-1A3956D46DE8}") = "Tests", "Tests", "{D8F0B90B-1D73-4EEF-B9A9-1E23CA1FE502}"
EndProject
Project("{2150E333-8FDC-42A3-9474-1A3956D46DE8}") = "Services", "Services", "{B6DF7FAF-A9B5-4DBF-BC25-85DF8AED772C}"
EndProject
Project("{FAE04EC0-301F-11D3-BF4B-00C04F79EFBC}") = "EmailService.Tests", "..\Tests\Services\EmailService.Tests\EmailService.Tests.csproj", "{9BD9399D-4EB4-4D10-BB61-37076DC8004B}"
EndProject
Global
	GlobalSection(SolutionConfigurationPlatforms) = preSolution
		Debug|Any CPU = Debug|Any CPU
		Release|Any CPU = Release|Any CPU
	EndGlobalSection
	GlobalSection(ProjectConfigurationPlatforms) = postSolution
		{774DFB57-9B08-4F34-A143-A1A99285F3DF}.Debug|Any CPU.ActiveCfg = Debug|Any CPU
		{774DFB57-9B08-4F34-A143-A1A99285F3DF}.Debug|Any CPU.Build.0 = Debug|Any CPU
		{774DFB57-9B08-4F34-A143-A1A99285F3DF}.Release|Any CPU.ActiveCfg = Release|Any CPU
		{774DFB57-9B08-4F34-A143-A1A99285F3DF}.Release|Any CPU.Build.0 = Release|Any CPU
		{7609D6BD-6110-40B5-8372-745A13CC35BF}.Debug|Any CPU.ActiveCfg = Debug|Any CPU
		{7609D6BD-6110-40B5-8372-745A13CC35BF}.Debug|Any CPU.Build.0 = Debug|Any CPU
		{7609D6BD-6110-40B5-8372-745A13CC35BF}.Release|Any CPU.ActiveCfg = Release|Any CPU
		{7609D6BD-6110-40B5-8372-745A13CC35BF}.Release|Any CPU.Build.0 = Release|Any CPU
		{0B5640F4-31D5-4EC1-B8C6-2EBF4587DC9B}.Debug|Any CPU.ActiveCfg = Debug|Any CPU
		{0B5640F4-31D5-4EC1-B8C6-2EBF4587DC9B}.Debug|Any CPU.Build.0 = Debug|Any CPU
		{0B5640F4-31D5-4EC1-B8C6-2EBF4587DC9B}.Release|Any CPU.ActiveCfg = Release|Any CPU
		{0B5640F4-31D5-4EC1-B8C6-2EBF4587DC9B}.Release|Any CPU.Build.0 = Release|Any CPU
		{97D79402-837D-4092-A631-0C4EBFC615E1}.Debug|Any CPU.ActiveCfg = Debug|Any CPU
		{97D79402-837D-4092-A631-0C4EBFC615E1}.Debug|Any CPU.Build.0 = Debug|Any CPU
		{97D79402-837D-4092-A631-0C4EBFC615E1}.Release|Any CPU.ActiveCfg = Release|Any CPU
		{97D79402-837D-4092-A631-0C4EBFC615E1}.Release|Any CPU.Build.0 = Release|Any CPU
		{F405E13B-CD9E-4739-A212-E7532CC8F8F3}.Debug|Any CPU.ActiveCfg = Debug|Any CPU
		{F405E13B-CD9E-4739-A212-E7532CC8F8F3}.Debug|Any CPU.Build.0 = Debug|Any CPU
		{F405E13B-CD9E-4739-A212-E7532CC8F8F3}.Release|Any CPU.ActiveCfg = Release|Any CPU
		{F405E13B-CD9E-4739-A212-E7532CC8F8F3}.Release|Any CPU.Build.0 = Release|Any CPU
		{DE612F92-FD20-48D2-9407-A90198BF9827}.Debug|Any CPU.ActiveCfg = Debug|Any CPU
		{DE612F92-FD20-48D2-9407-A90198BF9827}.Debug|Any CPU.Build.0 = Debug|Any CPU
		{DE612F92-FD20-48D2-9407-A90198BF9827}.Release|Any CPU.ActiveCfg = Release|Any CPU
		{DE612F92-FD20-48D2-9407-A90198BF9827}.Release|Any CPU.Build.0 = Release|Any CPU
		{9BD9399D-4EB4-4D10-BB61-37076DC8004B}.Debug|Any CPU.ActiveCfg = Debug|Any CPU
		{9BD9399D-4EB4-4D10-BB61-37076DC8004B}.Debug|Any CPU.Build.0 = Debug|Any CPU
		{9BD9399D-4EB4-4D10-BB61-37076DC8004B}.Release|Any CPU.ActiveCfg = Release|Any CPU
		{9BD9399D-4EB4-4D10-BB61-37076DC8004B}.Release|Any CPU.Build.0 = Release|Any CPU
	EndGlobalSection
	GlobalSection(NestedProjects) = preSolution
		{08C5888A-F0E5-40AB-9946-C8140F292E3F} = {75523D03-5030-43DD-B4F4-76CD72274FC3}
		{0B5640F4-31D5-4EC1-B8C6-2EBF4587DC9B} = {08C5888A-F0E5-40AB-9946-C8140F292E3F}
		{97D79402-837D-4092-A631-0C4EBFC615E1} = {95B6255C-B93D-478E-AD3D-A191BCE237FF}
		{F405E13B-CD9E-4739-A212-E7532CC8F8F3} = {95B6255C-B93D-478E-AD3D-A191BCE237FF}
		{7609D6BD-6110-40B5-8372-745A13CC35BF} = {AA3BA638-D657-4755-841C-618B0E37232A}
		{774DFB57-9B08-4F34-A143-A1A99285F3DF} = {AA3BA638-D657-4755-841C-618B0E37232A}
		{DE612F92-FD20-48D2-9407-A90198BF9827} = {AA3BA638-D657-4755-841C-618B0E37232A}
		{75523D03-5030-43DD-B4F4-76CD72274FC3} = {75E2ED49-09B4-4B89-9767-0AE9236050D7}
		{95B6255C-B93D-478E-AD3D-A191BCE237FF} = {75E2ED49-09B4-4B89-9767-0AE9236050D7}
		{AA3BA638-D657-4755-841C-618B0E37232A} = {75E2ED49-09B4-4B89-9767-0AE9236050D7}
		{B6DF7FAF-A9B5-4DBF-BC25-85DF8AED772C} = {D8F0B90B-1D73-4EEF-B9A9-1E23CA1FE502}
		{9BD9399D-4EB4-4D10-BB61-37076DC8004B} = {B6DF7FAF-A9B5-4DBF-BC25-85DF8AED772C}
	EndGlobalSection
EndGlobal
